{"SurveyEntry":{"SurveyID":"SV_02uhQHKwSdFzcB8","SurveyName":"English-Dutch vocabulary test","SurveyDescription":null,"SurveyOwnerID":"UR_cuUtLEN0gA78ZVk","SurveyBrandID":"uva","DivisionID":"DV_9MEH7xRrHd6AifH","SurveyLanguage":"EN","SurveyActiveResponseSet":"RS_08pQGR4SuePTTa6","SurveyStatus":"Active","SurveyStartDate":"0000-00-00 00:00:00","SurveyExpirationDate":"0000-00-00 00:00:00","SurveyCreationDate":"2025-10-23 00:52:06","CreatorID":"UR_cuUtLEN0gA78ZVk","LastModified":"2025-12-01 22:46:16","LastAccessed":"0000-00-00 00:00:00","LastActivated":"2025-10-24 03:47:24","Deleted":null},"SurveyElements":[{"SurveyID":"SV_02uhQHKwSdFzcB8","Element":"BL","PrimaryAttribute":"Survey Blocks","SecondaryAttribute":null,"TertiaryAttribute":null,"Payload":[{"Type":"Default","Description":"Intro","ID":"BL_3q4SnbWFolrlTIq","BlockElements":[{"Type":"Question","QuestionID":"QID4"}]},{"Type":"Trash","Description":"Trash \/ Unused Questions","ID":"BL_3L6QhcEqawX2uou","BlockElements":[]},{"Type":"Standard","SubType":"","Description":"Questions Block","ID":"BL_eEh6cUGmDmm3AI6","BlockElements":[{"Type":"Question","QuestionID":"QID6"}],"Options":{"BlockLocking":"false","RandomizeQuestions":"false","Looping":"None","LoopingOptions":null}},{"Type":"Standard","SubType":"","Description":"Empty Block iter = 0","ID":"BL_bBkwjAGdP2FYVZI","BlockElements":[{"Type":"Question","QuestionID":"QID7"}]},{"Type":"Standard","SubType":"","Description":"Empty Block iter > 0","ID":"BL_cAPxBZ3rqskpgKW","BlockElements":[{"Type":"Question","QuestionID":"QID1219090193"}]},{"Type":"Standard","SubType":"","Description":"Setup","ID":"BL_7OhvUBm1TaX9aVU","BlockElements":[{"Type":"Question","QuestionID":"QID17"},{"Type":"Question","QuestionID":"QID12"},{"Type":"Question","QuestionID":"QID13"}]}]},{"SurveyID":"SV_02uhQHKwSdFzcB8","Element":"FL","PrimaryAttribute":"Survey Flow","SecondaryAttribute":null,"TertiaryAttribute":null,"Payload":{"Type":"Root","FlowID":"FL_1","Flow":[{"Type":"Standard","ID":"BL_7OhvUBm1TaX9aVU","FlowID":"FL_54","Autofill":[]},{"Type":"Block","ID":"BL_3q4SnbWFolrlTIq","FlowID":"FL_2","Autofill":[]},{"Type":"Standard","ID":"BL_bBkwjAGdP2FYVZI","FlowID":"FL_3","Autofill":[]},{"Type":"Group","FlowID":"FL_4","Description":"Item admin group","Flow":[{"Type":"Block","ID":"BL_eEh6cUGmDmm3AI6","FlowID":"FL_6","Autofill":[]},{"Type":"Standard","ID":"BL_cAPxBZ3rqskpgKW","FlowID":"FL_5","Autofill":[]},{"Type":"Branch","FlowID":"FL_7","Description":"New Branch","BranchLogic":{"0":{"0":{"LogicType":"EmbeddedField","LeftOperand":"stop","Operator":"EqualTo","RightOperand":"1","_HiddenExpression":false,"Type":"Expression","Description":"<span class=\"ConjDesc\">If<\/span> <span class=\"LeftOpDesc\">stop<\/span> <span class=\"OpDesc\">Is Equal to<\/span> <span class=\"RightOpDesc\"> 1 <\/span>"},"Type":"If"},"Type":"BooleanExpression"},"Flow":[{"Type":"EndSurvey","FlowID":"FL_8"}]}]},{"Type":"Group","FlowID":"FL_185","Description":"Item admin group","Flow":[{"Type":"Block","ID":"BL_eEh6cUGmDmm3AI6","FlowID":"FL_186","Autofill":[]},{"Type":"Standard","ID":"BL_cAPxBZ3rqskpgKW","FlowID":"FL_187","Autofill":[]},{"Type":"Branch","FlowID":"FL_188","Description":"New Branch","BranchLogic":{"0":{"0":{"LogicType":"EmbeddedField","LeftOperand":"stop","Operator":"EqualTo","RightOperand":"1","_HiddenExpression":false,"Type":"Expression","Description":"<span class=\"ConjDesc\">If<\/span> <span class=\"LeftOpDesc\">stop<\/span> <span class=\"OpDesc\">Is Equal to<\/span> <span class=\"RightOpDesc\"> 1 <\/span>"},"Type":"If"},"Type":"BooleanExpression"},"Flow":[{"Type":"EndSurvey","FlowID":"FL_189"}]}]},{"Type":"Group","FlowID":"FL_180","Description":"Item admin group","Flow":[{"Type":"Block","ID":"BL_eEh6cUGmDmm3AI6","FlowID":"FL_181","Autofill":[]},{"Type":"Standard","ID":"BL_cAPxBZ3rqskpgKW","FlowID":"FL_182","Autofill":[]},{"Type":"Branch","FlowID":"FL_183","Description":"New Branch","BranchLogic":{"0":{"0":{"LogicType":"EmbeddedField","LeftOperand":"stop","Operator":"EqualTo","RightOperand":"1","_HiddenExpression":false,"Type":"Expression","Description":"<span class=\"ConjDesc\">If<\/span> <span class=\"LeftOpDesc\">stop<\/span> <span class=\"OpDesc\">Is Equal to<\/span> <span class=\"RightOpDesc\"> 1 <\/span>"},"Type":"If"},"Type":"BooleanExpression"},"Flow":[{"Type":"EndSurvey","FlowID":"FL_184"}]}]},{"Type":"Group","FlowID":"FL_175","Description":"Item admin group","Flow":[{"Type":"Block","ID":"BL_eEh6cUGmDmm3AI6","FlowID":"FL_176","Autofill":[]},{"Type":"Standard","ID":"BL_cAPxBZ3rqskpgKW","FlowID":"FL_177","Autofill":[]},{"Type":"Branch","FlowID":"FL_178","Description":"New Branch","BranchLogic":{"0":{"0":{"LogicType":"EmbeddedField","LeftOperand":"stop","Operator":"EqualTo","RightOperand":"1","_HiddenExpression":false,"Type":"Expression","Description":"<span class=\"ConjDesc\">If<\/span> <span class=\"LeftOpDesc\">stop<\/span> <span class=\"OpDesc\">Is Equal to<\/span> <span class=\"RightOpDesc\"> 1 <\/span>"},"Type":"If"},"Type":"BooleanExpression"},"Flow":[{"Type":"EndSurvey","FlowID":"FL_179"}]}]},{"Type":"Group","FlowID":"FL_170","Description":"Item admin group","Flow":[{"Type":"Block","ID":"BL_eEh6cUGmDmm3AI6","FlowID":"FL_171","Autofill":[]},{"Type":"Standard","ID":"BL_cAPxBZ3rqskpgKW","FlowID":"FL_172","Autofill":[]},{"Type":"Branch","FlowID":"FL_173","Description":"New Branch","BranchLogic":{"0":{"0":{"LogicType":"EmbeddedField","LeftOperand":"stop","Operator":"EqualTo","RightOperand":"1","_HiddenExpression":false,"Type":"Expression","Description":"<span class=\"ConjDesc\">If<\/span> <span class=\"LeftOpDesc\">stop<\/span> <span class=\"OpDesc\">Is Equal to<\/span> <span class=\"RightOpDesc\"> 1 <\/span>"},"Type":"If"},"Type":"BooleanExpression"},"Flow":[{"Type":"EndSurvey","FlowID":"FL_174"}]}]},{"Type":"Group","FlowID":"FL_165","Description":"Item admin group","Flow":[{"Type":"Block","ID":"BL_eEh6cUGmDmm3AI6","FlowID":"FL_166","Autofill":[]},{"Type":"Standard","ID":"BL_cAPxBZ3rqskpgKW","FlowID":"FL_167","Autofill":[]},{"Type":"Branch","FlowID":"FL_168","Description":"New Branch","BranchLogic":{"0":{"0":{"LogicType":"EmbeddedField","LeftOperand":"stop","Operator":"EqualTo","RightOperand":"1","_HiddenExpression":false,"Type":"Expression","Description":"<span class=\"ConjDesc\">If<\/span> <span class=\"LeftOpDesc\">stop<\/span> <span class=\"OpDesc\">Is Equal to<\/span> <span class=\"RightOpDesc\"> 1 <\/span>"},"Type":"If"},"Type":"BooleanExpression"},"Flow":[{"Type":"EndSurvey","FlowID":"FL_169"}]}]},{"Type":"Group","FlowID":"FL_160","Description":"Item admin group","Flow":[{"Type":"Block","ID":"BL_eEh6cUGmDmm3AI6","FlowID":"FL_161","Autofill":[]},{"Type":"Standard","ID":"BL_cAPxBZ3rqskpgKW","FlowID":"FL_162","Autofill":[]},{"Type":"Branch","FlowID":"FL_163","Description":"New Branch","BranchLogic":{"0":{"0":{"LogicType":"EmbeddedField","LeftOperand":"stop","Operator":"EqualTo","RightOperand":"1","_HiddenExpression":false,"Type":"Expression","Description":"<span class=\"ConjDesc\">If<\/span> <span class=\"LeftOpDesc\">stop<\/span> <span class=\"OpDesc\">Is Equal to<\/span> <span class=\"RightOpDesc\"> 1 <\/span>"},"Type":"If"},"Type":"BooleanExpression"},"Flow":[{"Type":"EndSurvey","FlowID":"FL_164"}]}]},{"Type":"Group","FlowID":"FL_155","Description":"Item admin group","Flow":[{"Type":"Block","ID":"BL_eEh6cUGmDmm3AI6","FlowID":"FL_156","Autofill":[]},{"Type":"Standard","ID":"BL_cAPxBZ3rqskpgKW","FlowID":"FL_157","Autofill":[]},{"Type":"Branch","FlowID":"FL_158","Description":"New Branch","BranchLogic":{"0":{"0":{"LogicType":"EmbeddedField","LeftOperand":"stop","Operator":"EqualTo","RightOperand":"1","_HiddenExpression":false,"Type":"Expression","Description":"<span class=\"ConjDesc\">If<\/span> <span class=\"LeftOpDesc\">stop<\/span> <span class=\"OpDesc\">Is Equal to<\/span> <span class=\"RightOpDesc\"> 1 <\/span>"},"Type":"If"},"Type":"BooleanExpression"},"Flow":[{"Type":"EndSurvey","FlowID":"FL_159"}]}]},{"Type":"Group","FlowID":"FL_150","Description":"Item admin group","Flow":[{"Type":"Block","ID":"BL_eEh6cUGmDmm3AI6","FlowID":"FL_151","Autofill":[]},{"Type":"Standard","ID":"BL_cAPxBZ3rqskpgKW","FlowID":"FL_152","Autofill":[]},{"Type":"Branch","FlowID":"FL_153","Description":"New Branch","BranchLogic":{"0":{"0":{"LogicType":"EmbeddedField","LeftOperand":"stop","Operator":"EqualTo","RightOperand":"1","_HiddenExpression":false,"Type":"Expression","Description":"<span class=\"ConjDesc\">If<\/span> <span class=\"LeftOpDesc\">stop<\/span> <span class=\"OpDesc\">Is Equal to<\/span> <span class=\"RightOpDesc\"> 1 <\/span>"},"Type":"If"},"Type":"BooleanExpression"},"Flow":[{"Type":"EndSurvey","FlowID":"FL_154"}]}]},{"Type":"Group","FlowID":"FL_145","Description":"Item admin group","Flow":[{"Type":"Block","ID":"BL_eEh6cUGmDmm3AI6","FlowID":"FL_146","Autofill":[]},{"Type":"Standard","ID":"BL_cAPxBZ3rqskpgKW","FlowID":"FL_147","Autofill":[]},{"Type":"Branch","FlowID":"FL_148","Description":"New Branch","BranchLogic":{"0":{"0":{"LogicType":"EmbeddedField","LeftOperand":"stop","Operator":"EqualTo","RightOperand":"1","_HiddenExpression":false,"Type":"Expression","Description":"<span class=\"ConjDesc\">If<\/span> <span class=\"LeftOpDesc\">stop<\/span> <span class=\"OpDesc\">Is Equal to<\/span> <span class=\"RightOpDesc\"> 1 <\/span>"},"Type":"If"},"Type":"BooleanExpression"},"Flow":[{"Type":"EndSurvey","FlowID":"FL_149"}]}]},{"Type":"Group","FlowID":"FL_140","Description":"Item admin group","Flow":[{"Type":"Block","ID":"BL_eEh6cUGmDmm3AI6","FlowID":"FL_141","Autofill":[]},{"Type":"Standard","ID":"BL_cAPxBZ3rqskpgKW","FlowID":"FL_142","Autofill":[]},{"Type":"Branch","FlowID":"FL_143","Description":"New Branch","BranchLogic":{"0":{"0":{"LogicType":"EmbeddedField","LeftOperand":"stop","Operator":"EqualTo","RightOperand":"1","_HiddenExpression":false,"Type":"Expression","Description":"<span class=\"ConjDesc\">If<\/span> <span class=\"LeftOpDesc\">stop<\/span> <span class=\"OpDesc\">Is Equal to<\/span> <span class=\"RightOpDesc\"> 1 <\/span>"},"Type":"If"},"Type":"BooleanExpression"},"Flow":[{"Type":"EndSurvey","FlowID":"FL_144"}]}]},{"Type":"Group","FlowID":"FL_135","Description":"Item admin group","Flow":[{"Type":"Block","ID":"BL_eEh6cUGmDmm3AI6","FlowID":"FL_136","Autofill":[]},{"Type":"Standard","ID":"BL_cAPxBZ3rqskpgKW","FlowID":"FL_137","Autofill":[]},{"Type":"Branch","FlowID":"FL_138","Description":"New Branch","BranchLogic":{"0":{"0":{"LogicType":"EmbeddedField","LeftOperand":"stop","Operator":"EqualTo","RightOperand":"1","_HiddenExpression":false,"Type":"Expression","Description":"<span class=\"ConjDesc\">If<\/span> <span class=\"LeftOpDesc\">stop<\/span> <span class=\"OpDesc\">Is Equal to<\/span> <span class=\"RightOpDesc\"> 1 <\/span>"},"Type":"If"},"Type":"BooleanExpression"},"Flow":[{"Type":"EndSurvey","FlowID":"FL_139"}]}]},{"Type":"Group","FlowID":"FL_130","Description":"Item admin group","Flow":[{"Type":"Block","ID":"BL_eEh6cUGmDmm3AI6","FlowID":"FL_131","Autofill":[]},{"Type":"Standard","ID":"BL_cAPxBZ3rqskpgKW","FlowID":"FL_132","Autofill":[]},{"Type":"Branch","FlowID":"FL_133","Description":"New Branch","BranchLogic":{"0":{"0":{"LogicType":"EmbeddedField","LeftOperand":"stop","Operator":"EqualTo","RightOperand":"1","_HiddenExpression":false,"Type":"Expression","Description":"<span class=\"ConjDesc\">If<\/span> <span class=\"LeftOpDesc\">stop<\/span> <span class=\"OpDesc\">Is Equal to<\/span> <span class=\"RightOpDesc\"> 1 <\/span>"},"Type":"If"},"Type":"BooleanExpression"},"Flow":[{"Type":"EndSurvey","FlowID":"FL_134"}]}]},{"Type":"Group","FlowID":"FL_125","Description":"Item admin group","Flow":[{"Type":"Block","ID":"BL_eEh6cUGmDmm3AI6","FlowID":"FL_126","Autofill":[]},{"Type":"Standard","ID":"BL_cAPxBZ3rqskpgKW","FlowID":"FL_127","Autofill":[]},{"Type":"Branch","FlowID":"FL_128","Description":"New Branch","BranchLogic":{"0":{"0":{"LogicType":"EmbeddedField","LeftOperand":"stop","Operator":"EqualTo","RightOperand":"1","_HiddenExpression":false,"Type":"Expression","Description":"<span class=\"ConjDesc\">If<\/span> <span class=\"LeftOpDesc\">stop<\/span> <span class=\"OpDesc\">Is Equal to<\/span> <span class=\"RightOpDesc\"> 1 <\/span>"},"Type":"If"},"Type":"BooleanExpression"},"Flow":[{"Type":"EndSurvey","FlowID":"FL_129"}]}]},{"Type":"Group","FlowID":"FL_120","Description":"Item admin group","Flow":[{"Type":"Block","ID":"BL_eEh6cUGmDmm3AI6","FlowID":"FL_121","Autofill":[]},{"Type":"Standard","ID":"BL_cAPxBZ3rqskpgKW","FlowID":"FL_122","Autofill":[]},{"Type":"Branch","FlowID":"FL_123","Description":"New Branch","BranchLogic":{"0":{"0":{"LogicType":"EmbeddedField","LeftOperand":"stop","Operator":"EqualTo","RightOperand":"1","_HiddenExpression":false,"Type":"Expression","Description":"<span class=\"ConjDesc\">If<\/span> <span class=\"LeftOpDesc\">stop<\/span> <span class=\"OpDesc\">Is Equal to<\/span> <span class=\"RightOpDesc\"> 1 <\/span>"},"Type":"If"},"Type":"BooleanExpression"},"Flow":[{"Type":"EndSurvey","FlowID":"FL_124"}]}]},{"Type":"Group","FlowID":"FL_115","Description":"Item admin group","Flow":[{"Type":"Block","ID":"BL_eEh6cUGmDmm3AI6","FlowID":"FL_116","Autofill":[]},{"Type":"Standard","ID":"BL_cAPxBZ3rqskpgKW","FlowID":"FL_117","Autofill":[]},{"Type":"Branch","FlowID":"FL_118","Description":"New Branch","BranchLogic":{"0":{"0":{"LogicType":"EmbeddedField","LeftOperand":"stop","Operator":"EqualTo","RightOperand":"1","_HiddenExpression":false,"Type":"Expression","Description":"<span class=\"ConjDesc\">If<\/span> <span class=\"LeftOpDesc\">stop<\/span> <span class=\"OpDesc\">Is Equal to<\/span> <span class=\"RightOpDesc\"> 1 <\/span>"},"Type":"If"},"Type":"BooleanExpression"},"Flow":[{"Type":"EndSurvey","FlowID":"FL_119"}]}]},{"Type":"Group","FlowID":"FL_110","Description":"Item admin group","Flow":[{"Type":"Block","ID":"BL_eEh6cUGmDmm3AI6","FlowID":"FL_111","Autofill":[]},{"Type":"Standard","ID":"BL_cAPxBZ3rqskpgKW","FlowID":"FL_112","Autofill":[]},{"Type":"Branch","FlowID":"FL_113","Description":"New Branch","BranchLogic":{"0":{"0":{"LogicType":"EmbeddedField","LeftOperand":"stop","Operator":"EqualTo","RightOperand":"1","_HiddenExpression":false,"Type":"Expression","Description":"<span class=\"ConjDesc\">If<\/span> <span class=\"LeftOpDesc\">stop<\/span> <span class=\"OpDesc\">Is Equal to<\/span> <span class=\"RightOpDesc\"> 1 <\/span>"},"Type":"If"},"Type":"BooleanExpression"},"Flow":[{"Type":"EndSurvey","FlowID":"FL_114"}]}]},{"Type":"Group","FlowID":"FL_105","Description":"Item admin group","Flow":[{"Type":"Block","ID":"BL_eEh6cUGmDmm3AI6","FlowID":"FL_106","Autofill":[]},{"Type":"Standard","ID":"BL_cAPxBZ3rqskpgKW","FlowID":"FL_107","Autofill":[]},{"Type":"Branch","FlowID":"FL_108","Description":"New Branch","BranchLogic":{"0":{"0":{"LogicType":"EmbeddedField","LeftOperand":"stop","Operator":"EqualTo","RightOperand":"1","_HiddenExpression":false,"Type":"Expression","Description":"<span class=\"ConjDesc\">If<\/span> <span class=\"LeftOpDesc\">stop<\/span> <span class=\"OpDesc\">Is Equal to<\/span> <span class=\"RightOpDesc\"> 1 <\/span>"},"Type":"If"},"Type":"BooleanExpression"},"Flow":[{"Type":"EndSurvey","FlowID":"FL_109"}]}]},{"Type":"Group","FlowID":"FL_100","Description":"Item admin group","Flow":[{"Type":"Block","ID":"BL_eEh6cUGmDmm3AI6","FlowID":"FL_101","Autofill":[]},{"Type":"Standard","ID":"BL_cAPxBZ3rqskpgKW","FlowID":"FL_102","Autofill":[]},{"Type":"Branch","FlowID":"FL_103","Description":"New Branch","BranchLogic":{"0":{"0":{"LogicType":"EmbeddedField","LeftOperand":"stop","Operator":"EqualTo","RightOperand":"1","_HiddenExpression":false,"Type":"Expression","Description":"<span class=\"ConjDesc\">If<\/span> <span class=\"LeftOpDesc\">stop<\/span> <span class=\"OpDesc\">Is Equal to<\/span> <span class=\"RightOpDesc\"> 1 <\/span>"},"Type":"If"},"Type":"BooleanExpression"},"Flow":[{"Type":"EndSurvey","FlowID":"FL_104"}]}]},{"Type":"Group","FlowID":"FL_95","Description":"Item admin group","Flow":[{"Type":"Block","ID":"BL_eEh6cUGmDmm3AI6","FlowID":"FL_96","Autofill":[]},{"Type":"Standard","ID":"BL_cAPxBZ3rqskpgKW","FlowID":"FL_97","Autofill":[]},{"Type":"Branch","FlowID":"FL_98","Description":"New Branch","BranchLogic":{"0":{"0":{"LogicType":"EmbeddedField","LeftOperand":"stop","Operator":"EqualTo","RightOperand":"1","_HiddenExpression":false,"Type":"Expression","Description":"<span class=\"ConjDesc\">If<\/span> <span class=\"LeftOpDesc\">stop<\/span> <span class=\"OpDesc\">Is Equal to<\/span> <span class=\"RightOpDesc\"> 1 <\/span>"},"Type":"If"},"Type":"BooleanExpression"},"Flow":[{"Type":"EndSurvey","FlowID":"FL_99"}]}]},{"Type":"Group","FlowID":"FL_90","Description":"Item admin group","Flow":[{"Type":"Block","ID":"BL_eEh6cUGmDmm3AI6","FlowID":"FL_91","Autofill":[]},{"Type":"Standard","ID":"BL_cAPxBZ3rqskpgKW","FlowID":"FL_92","Autofill":[]},{"Type":"Branch","FlowID":"FL_93","Description":"New Branch","BranchLogic":{"0":{"0":{"LogicType":"EmbeddedField","LeftOperand":"stop","Operator":"EqualTo","RightOperand":"1","_HiddenExpression":false,"Type":"Expression","Description":"<span class=\"ConjDesc\">If<\/span> <span class=\"LeftOpDesc\">stop<\/span> <span class=\"OpDesc\">Is Equal to<\/span> <span class=\"RightOpDesc\"> 1 <\/span>"},"Type":"If"},"Type":"BooleanExpression"},"Flow":[{"Type":"EndSurvey","FlowID":"FL_94"}]}]},{"Type":"Group","FlowID":"FL_85","Description":"Item admin group","Flow":[{"Type":"Block","ID":"BL_eEh6cUGmDmm3AI6","FlowID":"FL_86","Autofill":[]},{"Type":"Standard","ID":"BL_cAPxBZ3rqskpgKW","FlowID":"FL_87","Autofill":[]},{"Type":"Branch","FlowID":"FL_88","Description":"New Branch","BranchLogic":{"0":{"0":{"LogicType":"EmbeddedField","LeftOperand":"stop","Operator":"EqualTo","RightOperand":"1","_HiddenExpression":false,"Type":"Expression","Description":"<span class=\"ConjDesc\">If<\/span> <span class=\"LeftOpDesc\">stop<\/span> <span class=\"OpDesc\">Is Equal to<\/span> <span class=\"RightOpDesc\"> 1 <\/span>"},"Type":"If"},"Type":"BooleanExpression"},"Flow":[{"Type":"EndSurvey","FlowID":"FL_89"}]}]},{"Type":"Group","FlowID":"FL_80","Description":"Item admin group","Flow":[{"Type":"Block","ID":"BL_eEh6cUGmDmm3AI6","FlowID":"FL_81","Autofill":[]},{"Type":"Standard","ID":"BL_cAPxBZ3rqskpgKW","FlowID":"FL_82","Autofill":[]},{"Type":"Branch","FlowID":"FL_83","Description":"New Branch","BranchLogic":{"0":{"0":{"LogicType":"EmbeddedField","LeftOperand":"stop","Operator":"EqualTo","RightOperand":"1","_HiddenExpression":false,"Type":"Expression","Description":"<span class=\"ConjDesc\">If<\/span> <span class=\"LeftOpDesc\">stop<\/span> <span class=\"OpDesc\">Is Equal to<\/span> <span class=\"RightOpDesc\"> 1 <\/span>"},"Type":"If"},"Type":"BooleanExpression"},"Flow":[{"Type":"EndSurvey","FlowID":"FL_84"}]}]},{"Type":"Group","FlowID":"FL_75","Description":"Item admin group","Flow":[{"Type":"Block","ID":"BL_eEh6cUGmDmm3AI6","FlowID":"FL_76","Autofill":[]},{"Type":"Standard","ID":"BL_cAPxBZ3rqskpgKW","FlowID":"FL_77","Autofill":[]},{"Type":"Branch","FlowID":"FL_78","Description":"New Branch","BranchLogic":{"0":{"0":{"LogicType":"EmbeddedField","LeftOperand":"stop","Operator":"EqualTo","RightOperand":"1","_HiddenExpression":false,"Type":"Expression","Description":"<span class=\"ConjDesc\">If<\/span> <span class=\"LeftOpDesc\">stop<\/span> <span class=\"OpDesc\">Is Equal to<\/span> <span class=\"RightOpDesc\"> 1 <\/span>"},"Type":"If"},"Type":"BooleanExpression"},"Flow":[{"Type":"EndSurvey","FlowID":"FL_79"}]}]},{"Type":"Group","FlowID":"FL_70","Description":"Item admin group","Flow":[{"Type":"Block","ID":"BL_eEh6cUGmDmm3AI6","FlowID":"FL_71","Autofill":[]},{"Type":"Standard","ID":"BL_cAPxBZ3rqskpgKW","FlowID":"FL_72","Autofill":[]},{"Type":"Branch","FlowID":"FL_73","Description":"New Branch","BranchLogic":{"0":{"0":{"LogicType":"EmbeddedField","LeftOperand":"stop","Operator":"EqualTo","RightOperand":"1","_HiddenExpression":false,"Type":"Expression","Description":"<span class=\"ConjDesc\">If<\/span> <span class=\"LeftOpDesc\">stop<\/span> <span class=\"OpDesc\">Is Equal to<\/span> <span class=\"RightOpDesc\"> 1 <\/span>"},"Type":"If"},"Type":"BooleanExpression"},"Flow":[{"Type":"EndSurvey","FlowID":"FL_74"}]}]},{"Type":"Group","FlowID":"FL_65","Description":"Item admin group","Flow":[{"Type":"Block","ID":"BL_eEh6cUGmDmm3AI6","FlowID":"FL_66","Autofill":[]},{"Type":"Standard","ID":"BL_cAPxBZ3rqskpgKW","FlowID":"FL_67","Autofill":[]},{"Type":"Branch","FlowID":"FL_68","Description":"New Branch","BranchLogic":{"0":{"0":{"LogicType":"EmbeddedField","LeftOperand":"stop","Operator":"EqualTo","RightOperand":"1","_HiddenExpression":false,"Type":"Expression","Description":"<span class=\"ConjDesc\">If<\/span> <span class=\"LeftOpDesc\">stop<\/span> <span class=\"OpDesc\">Is Equal to<\/span> <span class=\"RightOpDesc\"> 1 <\/span>"},"Type":"If"},"Type":"BooleanExpression"},"Flow":[{"Type":"EndSurvey","FlowID":"FL_69"}]}]},{"Type":"Group","FlowID":"FL_60","Description":"Item admin group","Flow":[{"Type":"Block","ID":"BL_eEh6cUGmDmm3AI6","FlowID":"FL_61","Autofill":[]},{"Type":"Standard","ID":"BL_cAPxBZ3rqskpgKW","FlowID":"FL_62","Autofill":[]},{"Type":"Branch","FlowID":"FL_63","Description":"New Branch","BranchLogic":{"0":{"0":{"LogicType":"EmbeddedField","LeftOperand":"stop","Operator":"EqualTo","RightOperand":"1","_HiddenExpression":false,"Type":"Expression","Description":"<span class=\"ConjDesc\">If<\/span> <span class=\"LeftOpDesc\">stop<\/span> <span class=\"OpDesc\">Is Equal to<\/span> <span class=\"RightOpDesc\"> 1 <\/span>"},"Type":"If"},"Type":"BooleanExpression"},"Flow":[{"Type":"EndSurvey","FlowID":"FL_64"}]}]},{"Type":"Group","FlowID":"FL_55","Description":"Item admin group","Flow":[{"Type":"Block","ID":"BL_eEh6cUGmDmm3AI6","FlowID":"FL_56","Autofill":[]},{"Type":"Standard","ID":"BL_cAPxBZ3rqskpgKW","FlowID":"FL_57","Autofill":[]},{"Type":"Branch","FlowID":"FL_58","Description":"New Branch","BranchLogic":{"0":{"0":{"LogicType":"EmbeddedField","LeftOperand":"stop","Operator":"EqualTo","RightOperand":"1","_HiddenExpression":false,"Type":"Expression","Description":"<span class=\"ConjDesc\">If<\/span> <span class=\"LeftOpDesc\">stop<\/span> <span class=\"OpDesc\">Is Equal to<\/span> <span class=\"RightOpDesc\"> 1 <\/span>"},"Type":"If"},"Type":"BooleanExpression"},"Flow":[{"Type":"EndSurvey","FlowID":"FL_59"}]}]},{"Type":"Group","FlowID":"FL_39","Description":"Item admin group","Flow":[{"Type":"Block","ID":"BL_eEh6cUGmDmm3AI6","FlowID":"FL_40","Autofill":[]},{"Type":"Standard","ID":"BL_cAPxBZ3rqskpgKW","FlowID":"FL_41","Autofill":[]},{"Type":"Branch","FlowID":"FL_42","Description":"New Branch","BranchLogic":{"0":{"0":{"LogicType":"EmbeddedField","LeftOperand":"stop","Operator":"EqualTo","RightOperand":"1","_HiddenExpression":false,"Type":"Expression","Description":"<span class=\"ConjDesc\">If<\/span> <span class=\"LeftOpDesc\">stop<\/span> <span class=\"OpDesc\">Is Equal to<\/span> <span class=\"RightOpDesc\"> 1 <\/span>"},"Type":"If"},"Type":"BooleanExpression"},"Flow":[{"Type":"EndSurvey","FlowID":"FL_43"}]}]},{"Type":"Group","FlowID":"FL_34","Description":"Item admin group","Flow":[{"Type":"Block","ID":"BL_eEh6cUGmDmm3AI6","FlowID":"FL_35","Autofill":[]},{"Type":"Standard","ID":"BL_cAPxBZ3rqskpgKW","FlowID":"FL_36","Autofill":[]},{"Type":"Branch","FlowID":"FL_37","Description":"New Branch","BranchLogic":{"0":{"0":{"LogicType":"EmbeddedField","LeftOperand":"stop","Operator":"EqualTo","RightOperand":"1","_HiddenExpression":false,"Type":"Expression","Description":"<span class=\"ConjDesc\">If<\/span> <span class=\"LeftOpDesc\">stop<\/span> <span class=\"OpDesc\">Is Equal to<\/span> <span class=\"RightOpDesc\"> 1 <\/span>"},"Type":"If"},"Type":"BooleanExpression"},"Flow":[{"Type":"EndSurvey","FlowID":"FL_38"}]}]},{"Type":"Group","FlowID":"FL_29","Description":"Item admin group","Flow":[{"Type":"Block","ID":"BL_eEh6cUGmDmm3AI6","FlowID":"FL_30","Autofill":[]},{"Type":"Standard","ID":"BL_cAPxBZ3rqskpgKW","FlowID":"FL_31","Autofill":[]},{"Type":"Branch","FlowID":"FL_32","Description":"New Branch","BranchLogic":{"0":{"0":{"LogicType":"EmbeddedField","LeftOperand":"stop","Operator":"EqualTo","RightOperand":"1","_HiddenExpression":false,"Type":"Expression","Description":"<span class=\"ConjDesc\">If<\/span> <span class=\"LeftOpDesc\">stop<\/span> <span class=\"OpDesc\">Is Equal to<\/span> <span class=\"RightOpDesc\"> 1 <\/span>"},"Type":"If"},"Type":"BooleanExpression"},"Flow":[{"Type":"EndSurvey","FlowID":"FL_33"}]}]},{"Type":"Group","FlowID":"FL_24","Description":"Item admin group","Flow":[{"Type":"Block","ID":"BL_eEh6cUGmDmm3AI6","FlowID":"FL_25","Autofill":[]},{"Type":"Standard","ID":"BL_cAPxBZ3rqskpgKW","FlowID":"FL_26","Autofill":[]},{"Type":"Branch","FlowID":"FL_27","Description":"New Branch","BranchLogic":{"0":{"0":{"LogicType":"EmbeddedField","LeftOperand":"stop","Operator":"EqualTo","RightOperand":"1","_HiddenExpression":false,"Type":"Expression","Description":"<span class=\"ConjDesc\">If<\/span> <span class=\"LeftOpDesc\">stop<\/span> <span class=\"OpDesc\">Is Equal to<\/span> <span class=\"RightOpDesc\"> 1 <\/span>"},"Type":"If"},"Type":"BooleanExpression"},"Flow":[{"Type":"EndSurvey","FlowID":"FL_28"}]}]},{"Type":"Group","FlowID":"FL_19","Description":"Item admin group","Flow":[{"Type":"Block","ID":"BL_eEh6cUGmDmm3AI6","FlowID":"FL_20","Autofill":[]},{"Type":"Standard","ID":"BL_cAPxBZ3rqskpgKW","FlowID":"FL_21","Autofill":[]},{"Type":"Branch","FlowID":"FL_22","Description":"New Branch","BranchLogic":{"0":{"0":{"LogicType":"EmbeddedField","LeftOperand":"stop","Operator":"EqualTo","RightOperand":"1","_HiddenExpression":false,"Type":"Expression","Description":"<span class=\"ConjDesc\">If<\/span> <span class=\"LeftOpDesc\">stop<\/span> <span class=\"OpDesc\">Is Equal to<\/span> <span class=\"RightOpDesc\"> 1 <\/span>"},"Type":"If"},"Type":"BooleanExpression"},"Flow":[{"Type":"EndSurvey","FlowID":"FL_23"}]}]},{"Type":"Group","FlowID":"FL_14","Description":"Item admin group","Flow":[{"Type":"Block","ID":"BL_eEh6cUGmDmm3AI6","FlowID":"FL_15","Autofill":[]},{"Type":"Standard","ID":"BL_cAPxBZ3rqskpgKW","FlowID":"FL_16","Autofill":[]},{"Type":"Branch","FlowID":"FL_17","Description":"New Branch","BranchLogic":{"0":{"0":{"LogicType":"EmbeddedField","LeftOperand":"stop","Operator":"EqualTo","RightOperand":"1","_HiddenExpression":false,"Type":"Expression","Description":"<span class=\"ConjDesc\">If<\/span> <span class=\"LeftOpDesc\">stop<\/span> <span class=\"OpDesc\">Is Equal to<\/span> <span class=\"RightOpDesc\"> 1 <\/span>"},"Type":"If"},"Type":"BooleanExpression"},"Flow":[{"Type":"EndSurvey","FlowID":"FL_18"}]}]},{"Type":"Group","FlowID":"FL_9","Description":"Item admin group","Flow":[{"Type":"Block","ID":"BL_eEh6cUGmDmm3AI6","FlowID":"FL_10","Autofill":[]},{"Type":"Standard","ID":"BL_cAPxBZ3rqskpgKW","FlowID":"FL_11","Autofill":[]},{"Type":"Branch","FlowID":"FL_12","Description":"New Branch","BranchLogic":{"0":{"0":{"LogicType":"EmbeddedField","LeftOperand":"stop","Operator":"EqualTo","RightOperand":"1","_HiddenExpression":false,"Type":"Expression","Description":"<span class=\"ConjDesc\">If<\/span> <span class=\"LeftOpDesc\">stop<\/span> <span class=\"OpDesc\">Is Equal to<\/span> <span class=\"RightOpDesc\"> 1 <\/span>"},"Type":"If"},"Type":"BooleanExpression"},"Flow":[{"Type":"EndSurvey","FlowID":"FL_13"}]}]},{"Type":"Group","FlowID":"FL_49","Description":"Item admin group","Flow":[{"Type":"Block","ID":"BL_eEh6cUGmDmm3AI6","FlowID":"FL_50","Autofill":[]},{"Type":"Standard","ID":"BL_cAPxBZ3rqskpgKW","FlowID":"FL_51","Autofill":[]},{"Type":"Branch","FlowID":"FL_52","Description":"New Branch","BranchLogic":{"0":{"0":{"LogicType":"EmbeddedField","LeftOperand":"stop","Operator":"EqualTo","RightOperand":"1","_HiddenExpression":false,"Type":"Expression","Description":"<span class=\"ConjDesc\">If<\/span> <span class=\"LeftOpDesc\">stop<\/span> <span class=\"OpDesc\">Is Equal to<\/span> <span class=\"RightOpDesc\"> 1 <\/span>"},"Type":"If"},"Type":"BooleanExpression"},"Flow":[{"Type":"EndSurvey","FlowID":"FL_53"}]}]}],"Properties":{"Count":189}}},{"SurveyID":"SV_02uhQHKwSdFzcB8","Element":"PL","PrimaryAttribute":"Preview Link","SecondaryAttribute":null,"TertiaryAttribute":null,"Payload":{"PreviewType":"Brand","PreviewID":"b20d9d81-0d84-4768-840c-bab91da10803"}},{"SurveyID":"SV_02uhQHKwSdFzcB8","Element":"PROJ","PrimaryAttribute":"CORE","SecondaryAttribute":null,"TertiaryAttribute":"1.1.0","Payload":{"ProjectCategory":"CORE","SchemaVersion":"1.1.0"}},{"SurveyID":"SV_02uhQHKwSdFzcB8","Element":"QC","PrimaryAttribute":"Survey Question Count","SecondaryAttribute":"19","TertiaryAttribute":null,"Payload":null},{"SurveyID":"SV_02uhQHKwSdFzcB8","Element":"QG","PrimaryAttribute":"QG_gW93Rllr8uOKQeO","SecondaryAttribute":"Default Quota Group","TertiaryAttribute":null,"Payload":{"ID":"QG_gW93Rllr8uOKQeO","Name":"Default Quota Group","Selected":true,"MultipleMatch":"PlaceInAll","Public":false,"Quotas":[]}},{"SurveyID":"SV_02uhQHKwSdFzcB8","Element":"QGO","PrimaryAttribute":"QGO_QuotaGroupOrder","SecondaryAttribute":null,"TertiaryAttribute":null,"Payload":["QG_gW93Rllr8uOKQeO"]},{"SurveyID":"SV_02uhQHKwSdFzcB8","Element":"RS","PrimaryAttribute":"RS_08pQGR4SuePTTa6","SecondaryAttribute":"Default Response Set","TertiaryAttribute":null,"Payload":null},{"SurveyID":"SV_02uhQHKwSdFzcB8","Element":"SCO","PrimaryAttribute":"Scoring","SecondaryAttribute":null,"TertiaryAttribute":null,"Payload":{"ScoringCategories":[],"ScoringCategoryGroups":[],"ScoringSummaryCategory":null,"ScoringSummaryAfterQuestions":0,"ScoringSummaryAfterSurvey":0,"DefaultScoringCategory":null,"AutoScoringCategory":null}},{"SurveyID":"SV_02uhQHKwSdFzcB8","Element":"SO","PrimaryAttribute":"Survey Options","SecondaryAttribute":null,"TertiaryAttribute":null,"Payload":{"BackButton":"false","SaveAndContinue":"false","SurveyProtection":"PublicSurvey","BallotBoxStuffingPrevention":"false","NoIndex":"Yes","SecureResponseFiles":"true","SurveyExpiration":"None","SurveyTermination":"DisplayMessage","Header":"","Footer":"","ProgressBarDisplay":"None","PartialData":"No","ValidationMessage":null,"PreviousButton":" \u2190 ","NextButton":" \u2192 ","SurveyTitle":"Qualtrics Survey | Qualtrics Experience Management","SkinLibrary":"uva","SkinType":"templated","Skin":{"brandingId":"3067498872","templateId":"*modern","overrides":null},"NewScoring":1,"SurveyMetaDescription":"The most powerful, simple and trusted way to gather experience data. Start your journey to experience management and try a free account today.","EOSMessage":"MS_a5KApmgKK8vAi3Q","ShowExportTags":"false","CollectGeoLocation":"false","PasswordProtection":"No","AnonymizeResponse":"No","RefererCheck":"No","SurveyAnalysisDisabled":true,"BallotBoxStuffingPreventionBehavior":null,"BallotBoxStuffingPreventionMessage":null,"BallotBoxStuffingPreventionMessageLibrary":null,"BallotBoxStuffingPreventionURL":null,"RecaptchaV3":"false","ConfirmStart":false,"AutoConfirmStart":false,"RelevantID":"false","RelevantIDLockoutPeriod":"+30 days","UseCustomSurveyLinkCompletedMessage":null,"SurveyLinkCompletedMessage":null,"SurveyLinkCompletedMessageLibrary":null,"ResponseSummary":"No","EOSMessageLibrary":"UR_cuUtLEN0gA78ZVk","EOSRedirectURL":"http:\/\/","EmailThankYou":"false","ThankYouEmailMessageLibrary":null,"ThankYouEmailMessage":null,"ValidateMessage":"false","ValidationMessageLibrary":null,"InactiveSurvey":"DefaultMessage","PartialDeletion":"+1 week","PartialDataCloseAfter":"LastActivity","InactiveMessageLibrary":null,"InactiveMessage":null,"AvailableLanguages":{"EN":[]},"SurveyName":"English-Dutch vocabulary test","ProtectSelectionIds":true}},{"SurveyID":"SV_02uhQHKwSdFzcB8","Element":"SQ","PrimaryAttribute":"QID12","SecondaryAttribute":"Enter Key:","TertiaryAttribute":null,"Payload":{"QuestionText":"Enter Key:","DefaultChoices":{"TEXT":{"Text":"test"}},"DataExportTag":"Q9","QuestionType":"TE","Selector":"SL","DataVisibility":{"Private":false,"Hidden":false},"Configuration":{"QuestionDescriptionOption":"UseText","InputWidth":167,"InputHeight":29},"QuestionDescription":"Enter Key:","Validation":{"Settings":{"ForceResponse":"OFF","ForceResponseType":"ON","Type":"None"}},"GradingData":[],"Language":[],"NextChoiceId":4,"NextAnswerId":1,"SearchSource":{"AllowFreeResponse":"false"},"QuestionID":"QID12"}},{"SurveyID":"SV_02uhQHKwSdFzcB8","Element":"SQ","PrimaryAttribute":"QID1219090193","SecondaryAttribute":" ","TertiaryAttribute":null,"Payload":{"QuestionText":"&nbsp;","DefaultChoices":false,"QuestionType":"DB","Selector":"TB","DataVisibility":{"Private":false,"Hidden":false},"Configuration":{"QuestionDescriptionOption":"UseText"},"QuestionDescription":" ","ChoiceOrder":[],"Validation":{"Settings":{"Type":"None"}},"GradingData":[],"Language":[],"NextChoiceId":4,"NextAnswerId":1,"QuestionJS":"Qualtrics.SurveyEngine.addOnload(function()\n{\n\t let answers = {\n    q_resp: \"${q:\/\/QID6\/SelectedChoicesRecode}\",\n\titem_num: \"${e:\/\/Field\/item_num}\"\n  };\n  \n  console.log(\"API sent:\", answers);\n\t\/\/ CALL\n\tfetch(\"https:\/\/qualcat.duckdns.org\/catapi\/cat\", {\n    method: \"POST\",\n    headers: {\n         \"Content-Type\": \"application\/json\",\n      \"x-api-key\": \"${q:\/\/QID12\/ChoiceTextEntryValue}\", \/\/ passwrd\n\t  \"userid\": \"${q:\/\/QID13\/ChoiceTextEntryValue}\", \/\/ username\n\t  \"catName\": \"${q:\/\/QID17\/ChoiceTextEntryValue}\" \/\/ CAT name\n    },\n    body: JSON.stringify(answers)\n  })\n  .then(res => res.json())\n  .then(data => {\n\tconsole.log(\"API returned:\", data); \/\/ Debug\n    \/\/ Store the API result in Embedded Data\n    Qualtrics.SurveyEngine.setEmbeddedData(\"iter\", data.iter);\n\tQualtrics.SurveyEngine.setEmbeddedData(\"next_q\", data.item);\n\tQualtrics.SurveyEngine.setEmbeddedData(\"item_num\", data.item_num);\n\tQualtrics.SurveyEngine.setEmbeddedData(\"se_thetahat\", data.se_thetahat);\n\tQualtrics.SurveyEngine.setEmbeddedData(\"thetahat\", data.thetahat);\t\n\tQualtrics.SurveyEngine.setEmbeddedData(\"pat\", data.pat);\n\tQualtrics.SurveyEngine.setEmbeddedData(\"J\", data.pat.length);\n\tQualtrics.SurveyEngine.setEmbeddedData(\"adm_items\", data.iter);\n\tQualtrics.SurveyEngine.setEmbeddedData(\"stop\", data.stop); \/\/v0.2\n\tvar arr = data.choices;\n\tfor (var i = 0; i < arr.length; i++) {\n    \tvar varName = \"choice\" + (i + 1);\n    \tQualtrics.SurveyEngine.setEmbeddedData(varName, arr[i]);\n\t}\n  })\n  .catch(err => console.error(\"API error:\", err));\n\n\/\/Hides the next button and displays the question\n\t\/\/for # seconds before moving to the next page\n\t\/\/ from Qualtrics documentation\n\tthis.hideNextButton();\n\tvar that = this;\n\t(function(){that.clickNextButton();}).delay(1);\n\n});\n\nQualtrics.SurveyEngine.addOnReady(function()\n{\n\t\/*Place your JavaScript here to run when the page is fully displayed*\/\n\n});\n\nQualtrics.SurveyEngine.addOnUnload(function()\n{\n\t\/*Place your JavaScript here to run when the page is unloaded*\/\n\n});","QuestionText_Unsafe":"&nbsp;","DataExportTag":"Q1","QuestionID":"QID1219090193"}},{"SurveyID":"SV_02uhQHKwSdFzcB8","Element":"SQ","PrimaryAttribute":"QID13","SecondaryAttribute":"Enter ID or Username for the Responder:","TertiaryAttribute":null,"Payload":{"QuestionText":"Enter ID or Username for the Responder:","DefaultChoices":{"TEXT":{"Text":"Tasostest"}},"DataExportTag":"Q10","QuestionType":"TE","Selector":"SL","DataVisibility":{"Private":false,"Hidden":false},"Configuration":{"QuestionDescriptionOption":"UseText","InputWidth":170,"InputHeight":29},"QuestionDescription":"Enter ID or Username for the Responder:","Validation":{"Settings":{"ForceResponse":"OFF","Type":"None"}},"GradingData":[],"Language":[],"NextChoiceId":4,"NextAnswerId":1,"SearchSource":{"AllowFreeResponse":"false"},"QuestionID":"QID13"}},{"SurveyID":"SV_02uhQHKwSdFzcB8","Element":"SQ","PrimaryAttribute":"QID17","SecondaryAttribute":"Enter Test\/Survey Name:","TertiaryAttribute":null,"Payload":{"QuestionText":"Enter Test\/Survey Name:","DefaultChoices":{"TEXT":{"Text":"TCAT"}},"DataExportTag":"Q14","QuestionType":"TE","Selector":"SL","DataVisibility":{"Private":false,"Hidden":false},"Configuration":{"QuestionDescriptionOption":"UseText","InputWidth":167,"InputHeight":29},"QuestionDescription":"Enter Test\/Survey Name:","Validation":{"Settings":{"ForceResponse":"OFF","ForceResponseType":"ON","Type":"None"}},"GradingData":[],"Language":[],"NextChoiceId":4,"NextAnswerId":1,"SearchSource":{"AllowFreeResponse":"false"},"QuestionID":"QID17"}},{"SurveyID":"SV_02uhQHKwSdFzcB8","Element":"SQ","PrimaryAttribute":"QID4","SecondaryAttribute":"intro","TertiaryAttribute":null,"Payload":{"QuestionText":"<strong>Introductory page for ${q:\/\/QID17\/ChoiceTextEntryValue}<br><\/strong><br>User:&nbsp;${q:\/\/QID13\/ChoiceTextEntryValue}<br><br>Information about the test ...<br>\n&nbsp;","DefaultChoices":false,"DataExportTag":"Title","QuestionType":"DB","Selector":"TB","DataVisibility":{"Private":false,"Hidden":false},"Configuration":{"QuestionDescriptionOption":"SpecifyLabel"},"QuestionDescription":"intro","ChoiceOrder":[],"Validation":{"Settings":{"Type":"None"}},"GradingData":[],"Language":[],"NextChoiceId":9,"NextAnswerId":1,"QuestionID":"QID4","QuestionJS":false}},{"SurveyID":"SV_02uhQHKwSdFzcB8","Element":"SQ","PrimaryAttribute":"QID6","SecondaryAttribute":"${e:\/\/Field\/next_q}\u00a0","TertiaryAttribute":null,"Payload":{"QuestionText":"${e:\/\/Field\/next_q}&nbsp;<br>","DefaultChoices":false,"DataExportTag":"Q6","QuestionType":"MC","Selector":"SAVR","SubSelector":"TX","DataVisibility":{"Private":false,"Hidden":false},"Configuration":{"QuestionDescriptionOption":"UseText"},"QuestionDescription":"${e:\/\/Field\/next_q}\u00a0","Choices":{"1":{"Display":"${e:\/\/Field\/choice1}"},"2":{"Display":"${e:\/\/Field\/choice2}"},"3":{"Display":"${e:\/\/Field\/choice3}"},"4":{"Display":"${e:\/\/Field\/choice4}"}},"ChoiceOrder":[1,2,3,4],"Validation":{"Settings":{"ForceResponse":"OFF","Type":"None"}},"GradingData":[],"Language":[],"NextChoiceId":5,"NextAnswerId":1,"QuestionID":"QID6","RecodeValues":{"1":"1","2":"0","3":"0","4":"0"},"QuestionJS":"Qualtrics.SurveyEngine.addOnReady(function() {\n\n    \/\/ 1. clear Qualtrics internal answer\n    this.setChoiceValue(\"\", false);\n\n    \/\/ 2. clear any recorded choice values\n    var choices = this.getChoices();\n    for (var i = 0; i < choices.length; i++) {\n        this.setChoiceValue(choices[i], false);\n    }\n\n    \/\/ 3. clear UI radios\n    jQuery(\"#\" + this.questionId + \" input[type='radio']\").prop(\"checked\", false);\n});","Randomization":{"Advanced":null,"TotalRandSubset":"","Type":"All"}}},{"SurveyID":"SV_02uhQHKwSdFzcB8","Element":"SQ","PrimaryAttribute":"QID7","SecondaryAttribute":"Loading...","TertiaryAttribute":null,"Payload":{"QuestionText":"Loading...","DefaultChoices":false,"DataExportTag":"Q7","QuestionType":"DB","Selector":"TB","DataVisibility":{"Private":false,"Hidden":false},"Configuration":{"QuestionDescriptionOption":"UseText"},"QuestionDescription":"Loading...","ChoiceOrder":[],"Validation":{"Settings":{"Type":"None"}},"GradingData":[],"Language":[],"NextChoiceId":4,"NextAnswerId":1,"QuestionID":"QID7","QuestionJS":"Qualtrics.SurveyEngine.addOnload(function() {\n  let answers = {\n\t  \/\/ empty for now\n  };\n  \n  console.log(answers);\n\t\/\/ CALL\n\tfetch(\"https:\/\/qualcat.duckdns.org\/catapi\/init\", {\n    method: \"POST\",\n    headers: {\n      \"Content-Type\": \"application\/json\",\n      \"x-api-key\": \"${q:\/\/QID12\/ChoiceTextEntryValue}\", \/\/ passwrd\n\t  \"userid\": \"${q:\/\/QID13\/ChoiceTextEntryValue}\", \/\/ username\n\t  \"catName\": \"${q:\/\/QID17\/ChoiceTextEntryValue}\" \/\/ CAT name\n    },\n    body: JSON.stringify(answers)\n  })\n  .then(response => response.json())\n  .then(data => {\n\tconsole.log(\"API returned:\", data); \/\/ Debug\n    \/\/ Store the API result in Embedded Data\n    Qualtrics.SurveyEngine.setEmbeddedData(\"stop_crit\", data.stop_crit);\n\tQualtrics.SurveyEngine.setEmbeddedData(\"next_q\", data.next_q);\n\tQualtrics.SurveyEngine.setEmbeddedData(\"item_num\", data.item_num);\n\tvar arr = data.choices;\n\tfor (var i = 0; i < arr.length; i++) {\n    \tvar varName = \"choice\" + (i + 1);\n    \tQualtrics.SurveyEngine.setEmbeddedData(varName, arr[i]);\n\t}\n  })\n  .catch(err => console.error(\"API error:\", err));\n\n\t\/\/Hides the next button and displays the question\n\t\/\/for # seconds before moving to the next page\n\t\/\/ from Qualtrics documentation\n\tthis.hideNextButton();\n\tvar that = this;\n\t(function(){that.clickNextButton();}).delay(3);\n});"}},{"SurveyID":"SV_02uhQHKwSdFzcB8","Element":"STAT","PrimaryAttribute":"Survey Statistics","SecondaryAttribute":null,"TertiaryAttribute":null,"Payload":{"MobileCompatible":true,"ID":"Survey Statistics"}}]}